
Microsoft Visual Studio Solution File, Format Version 12.00
# Visual Studio 15
VisualStudioVersion = 15.0.28307.168
MinimumVisualStudioVersion = 10.0.40219.1
Project("{9A19103F-16F7-4668-BE54-9A1E7A4F7556}") = "Matrix", "Matrix\Matrix.csproj", "{57FCDE3F-229B-4370-BB8C-F81F99765CBE}"
EndProject
Project("{9A19103F-16F7-4668-BE54-9A1E7A4F7556}") = "Coding", "Coding\Coding.csproj", "{D418173B-6553-4DD8-B06D-4243DB778C45}"
EndProject
Project("{9A19103F-16F7-4668-BE54-9A1E7A4F7556}") = "TrainTheTrainers", "TrainTheTrainers\TrainTheTrainers.csproj", "{A2734866-E59F-4486-AFFD-756C0588B6E3}"
EndProject
Project("{9A19103F-16F7-4668-BE54-9A1E7A4F7556}") = "PasswordGenerator", "PasswordGenerator\PasswordGenerator.csproj", "{7C28422A-6B71-4BCB-AD56-106BF764B4DA}"
EndProject
Project("{9A19103F-16F7-4668-BE54-9A1E7A4F7556}") = "SpecialNumbers", "SpecialNumbers\SpecialNumbers.csproj", "{A2A7D836-3D23-40FD-AFA6-B79891B75122}"
EndProject
Project("{9A19103F-16F7-4668-BE54-9A1E7A4F7556}") = "NumbersPyramide", "NumbersPyramide\NumbersPyramide.csproj", "{349E3ECC-9794-43A2-8F3C-35AAAF45D2C2}"
EndProject
Project("{9A19103F-16F7-4668-BE54-9A1E7A4F7556}") = "EqualSumsEvenOddNumbers", "EqualSumsEvenOddNumbers\EqualSumsEvenOddNumbers.csproj", "{C3F88094-4A76-4D42-85AB-69AB95B981F3}"
EndProject
Project("{9A19103F-16F7-4668-BE54-9A1E7A4F7556}") = "EqualSumsLeftRightPosition", "EqualSumsLeftRightPosition\EqualSumsLeftRightPosition.csproj", "{DCD9823A-A801-40DD-90A6-5F1D08FF4582}"
EndProject
Project("{9A19103F-16F7-4668-BE54-9A1E7A4F7556}") = "SumPrimeOrNonPrimeNumbers", "SumPrimeOrNonPrimeNumbers\SumPrimeOrNonPrimeNumbers.csproj", "{5F463F1B-3C0B-4ED7-A33C-12F16FCCA55E}"
EndProject
Project("{9A19103F-16F7-4668-BE54-9A1E7A4F7556}") = "TrainTheTrainersMySolution", "TrainTheTrainersMySolution\TrainTheTrainersMySolution.csproj", "{7FE02CAC-7E2A-4AF8-A8BF-69B900596F13}"
EndProject
Project("{9A19103F-16F7-4668-BE54-9A1E7A4F7556}") = "Fishing", "Fishing\Fishing.csproj", "{A3305819-D344-4489-8C6D-29460D8080A6}"
EndProject
Global
	GlobalSection(SolutionConfigurationPlatforms) = preSolution
		Debug|Any CPU = Debug|Any CPU
		Release|Any CPU = Release|Any CPU
	EndGlobalSection
	GlobalSection(ProjectConfigurationPlatforms) = postSolution
		{57FCDE3F-229B-4370-BB8C-F81F99765CBE}.Debug|Any CPU.ActiveCfg = Debug|Any CPU
		{57FCDE3F-229B-4370-BB8C-F81F99765CBE}.Debug|Any CPU.Build.0 = Debug|Any CPU
		{57FCDE3F-229B-4370-BB8C-F81F99765CBE}.Release|Any CPU.ActiveCfg = Release|Any CPU
		{57FCDE3F-229B-4370-BB8C-F81F99765CBE}.Release|Any CPU.Build.0 = Release|Any CPU
		{D418173B-6553-4DD8-B06D-4243DB778C45}.Debug|Any CPU.ActiveCfg = Debug|Any CPU
		{D418173B-6553-4DD8-B06D-4243DB778C45}.Debug|Any CPU.Build.0 = Debug|Any CPU
		{D418173B-6553-4DD8-B06D-4243DB778C45}.Release|Any CPU.ActiveCfg = Release|Any CPU
		{D418173B-6553-4DD8-B06D-4243DB778C45}.Release|Any CPU.Build.0 = Release|Any CPU
		{A2734866-E59F-4486-AFFD-756C0588B6E3}.Debug|Any CPU.ActiveCfg = Debug|Any CPU
		{A2734866-E59F-4486-AFFD-756C0588B6E3}.Debug|Any CPU.Build.0 = Debug|Any CPU
		{A2734866-E59F-4486-AFFD-756C0588B6E3}.Release|Any CPU.ActiveCfg = Release|Any CPU
		{A2734866-E59F-4486-AFFD-756C0588B6E3}.Release|Any CPU.Build.0 = Release|Any CPU
		{7C28422A-6B71-4BCB-AD56-106BF764B4DA}.Debug|Any CPU.ActiveCfg = Debug|Any CPU
		{7C28422A-6B71-4BCB-AD56-106BF764B4DA}.Debug|Any CPU.Build.0 = Debug|Any CPU
		{7C28422A-6B71-4BCB-AD56-106BF764B4DA}.Release|Any CPU.ActiveCfg = Release|Any CPU
		{7C28422A-6B71-4BCB-AD56-106BF764B4DA}.Release|Any CPU.Build.0 = Release|Any CPU
		{A2A7D836-3D23-40FD-AFA6-B79891B75122}.Debug|Any CPU.ActiveCfg = Debug|Any CPU
		{A2A7D836-3D23-40FD-AFA6-B79891B75122}.Debug|Any CPU.Build.0 = Debug|Any CPU
		{A2A7D836-3D23-40FD-AFA6-B79891B75122}.Release|Any CPU.ActiveCfg = Release|Any CPU
		{A2A7D836-3D23-40FD-AFA6-B79891B75122}.Release|Any CPU.Build.0 = Release|Any CPU
		{349E3ECC-9794-43A2-8F3C-35AAAF45D2C2}.Debug|Any CPU.ActiveCfg = Debug|Any CPU
		{349E3ECC-9794-43A2-8F3C-35AAAF45D2C2}.Debug|Any CPU.Build.0 = Debug|Any CPU
		{349E3ECC-9794-43A2-8F3C-35AAAF45D2C2}.Release|Any CPU.ActiveCfg = Release|Any CPU
		{349E3ECC-9794-43A2-8F3C-35AAAF45D2C2}.Release|Any CPU.Build.0 = Release|Any CPU
		{C3F88094-4A76-4D42-85AB-69AB95B981F3}.Debug|Any CPU.ActiveCfg = Debug|Any CPU
		{C3F88094-4A76-4D42-85AB-69AB95B981F3}.Debug|Any CPU.Build.0 = Debug|Any CPU
		{C3F88094-4A76-4D42-85AB-69AB95B981F3}.Release|Any CPU.ActiveCfg = Release|Any CPU
		{C3F88094-4A76-4D42-85AB-69AB95B981F3}.Release|Any CPU.Build.0 = Release|Any CPU
		{DCD9823A-A801-40DD-90A6-5F1D08FF4582}.Debug|Any CPU.ActiveCfg = Debug|Any CPU
		{DCD9823A-A801-40DD-90A6-5F1D08FF4582}.Debug|Any CPU.Build.0 = Debug|Any CPU
		{DCD9823A-A801-40DD-90A6-5F1D08FF4582}.Release|Any CPU.ActiveCfg = Release|Any CPU
		{DCD9823A-A801-40DD-90A6-5F1D08FF4582}.Release|Any CPU.Build.0 = Release|Any CPU
		{5F463F1B-3C0B-4ED7-A33C-12F16FCCA55E}.Debug|Any CPU.ActiveCfg = Debug|Any CPU
		{5F463F1B-3C0B-4ED7-A33C-12F16FCCA55E}.Debug|Any CPU.Build.0 = Debug|Any CPU
		{5F463F1B-3C0B-4ED7-A33C-12F16FCCA55E}.Release|Any CPU.ActiveCfg = Release|Any CPU
		{5F463F1B-3C0B-4ED7-A33C-12F16FCCA55E}.Release|Any CPU.Build.0 = Release|Any CPU
		{7FE02CAC-7E2A-4AF8-A8BF-69B900596F13}.Debug|Any CPU.ActiveCfg = Debug|Any CPU
		{7FE02CAC-7E2A-4AF8-A8BF-69B900596F13}.Debug|Any CPU.Build.0 = Debug|Any CPU
		{7FE02CAC-7E2A-4AF8-A8BF-69B900596F13}.Release|Any CPU.ActiveCfg = Release|Any CPU
		{7FE02CAC-7E2A-4AF8-A8BF-69B900596F13}.Release|Any CPU.Build.0 = Release|Any CPU
		{A3305819-D344-4489-8C6D-29460D8080A6}.Debug|Any CPU.ActiveCfg = Debug|Any CPU
		{A3305819-D344-4489-8C6D-29460D8080A6}.Debug|Any CPU.Build.0 = Debug|Any CPU
		{A3305819-D344-4489-8C6D-29460D8080A6}.Release|Any CPU.ActiveCfg = Release|Any CPU
		{A3305819-D344-4489-8C6D-29460D8080A6}.Release|Any CPU.Build.0 = Release|Any CPU
	EndGlobalSection
	GlobalSection(SolutionProperties) = preSolution
		HideSolutionNode = FALSE
	EndGlobalSection
	GlobalSection(ExtensibilityGlobals) = postSolution
		SolutionGuid = {F41EDC4C-3C12-46A6-A345-A611278438DA}
	EndGlobalSection
EndGlobal
