
Microsoft Visual Studio Solution File, Format Version 12.00
# Visual Studio 15
VisualStudioVersion = 15.0.28307.168
MinimumVisualStudioVersion = 10.0.40219.1
Project("{9A19103F-16F7-4668-BE54-9A1E7A4F7556}") = "ChangeBureau", "ChangeBureau\ChangeBureau.csproj", "{8879A03A-DBD8-43CE-AB6D-9408C07891E1}"
EndProject
Project("{9A19103F-16F7-4668-BE54-9A1E7A4F7556}") = "Renovation", "Renovation\Renovation.csproj", "{D762D2F5-C00A-4239-954C-DE1495DA55BF}"
EndProject
Project("{9A19103F-16F7-4668-BE54-9A1E7A4F7556}") = "FlowerShop", "FlowerShop\FlowerShop.csproj", "{CB231F04-3954-4D0B-B612-FF0E3AC370A4}"
EndProject
Project("{9A19103F-16F7-4668-BE54-9A1E7A4F7556}") = "FoodOrder", "FoodOrder\FoodOrder.csproj", "{48C64789-00B3-425C-9B8D-C73B4D27D8ED}"
EndProject
Project("{FAE04EC0-301F-11D3-BF4B-00C04F79EFBC}") = "Exam", "Exam\Exam.csproj", "{11DB8DE1-B4CD-47AD-93EF-4B3A92380EC2}"
EndProject
Project("{FAE04EC0-301F-11D3-BF4B-00C04F79EFBC}") = "Numbers", "Numbers\Numbers.csproj", "{51AAC081-5CA1-43D7-BE2B-55DC2E0AA413}"
EndProject
Global
	GlobalSection(SolutionConfigurationPlatforms) = preSolution
		Debug|Any CPU = Debug|Any CPU
		Release|Any CPU = Release|Any CPU
	EndGlobalSection
	GlobalSection(ProjectConfigurationPlatforms) = postSolution
		{8879A03A-DBD8-43CE-AB6D-9408C07891E1}.Debug|Any CPU.ActiveCfg = Debug|Any CPU
		{8879A03A-DBD8-43CE-AB6D-9408C07891E1}.Debug|Any CPU.Build.0 = Debug|Any CPU
		{8879A03A-DBD8-43CE-AB6D-9408C07891E1}.Release|Any CPU.ActiveCfg = Release|Any CPU
		{8879A03A-DBD8-43CE-AB6D-9408C07891E1}.Release|Any CPU.Build.0 = Release|Any CPU
		{D762D2F5-C00A-4239-954C-DE1495DA55BF}.Debug|Any CPU.ActiveCfg = Debug|Any CPU
		{D762D2F5-C00A-4239-954C-DE1495DA55BF}.Debug|Any CPU.Build.0 = Debug|Any CPU
		{D762D2F5-C00A-4239-954C-DE1495DA55BF}.Release|Any CPU.ActiveCfg = Release|Any CPU
		{D762D2F5-C00A-4239-954C-DE1495DA55BF}.Release|Any CPU.Build.0 = Release|Any CPU
		{CB231F04-3954-4D0B-B612-FF0E3AC370A4}.Debug|Any CPU.ActiveCfg = Debug|Any CPU
		{CB231F04-3954-4D0B-B612-FF0E3AC370A4}.Debug|Any CPU.Build.0 = Debug|Any CPU
		{CB231F04-3954-4D0B-B612-FF0E3AC370A4}.Release|Any CPU.ActiveCfg = Release|Any CPU
		{CB231F04-3954-4D0B-B612-FF0E3AC370A4}.Release|Any CPU.Build.0 = Release|Any CPU
		{48C64789-00B3-425C-9B8D-C73B4D27D8ED}.Debug|Any CPU.ActiveCfg = Debug|Any CPU
		{48C64789-00B3-425C-9B8D-C73B4D27D8ED}.Debug|Any CPU.Build.0 = Debug|Any CPU
		{48C64789-00B3-425C-9B8D-C73B4D27D8ED}.Release|Any CPU.ActiveCfg = Release|Any CPU
		{48C64789-00B3-425C-9B8D-C73B4D27D8ED}.Release|Any CPU.Build.0 = Release|Any CPU
		{11DB8DE1-B4CD-47AD-93EF-4B3A92380EC2}.Debug|Any CPU.ActiveCfg = Debug|Any CPU
		{11DB8DE1-B4CD-47AD-93EF-4B3A92380EC2}.Debug|Any CPU.Build.0 = Debug|Any CPU
		{11DB8DE1-B4CD-47AD-93EF-4B3A92380EC2}.Release|Any CPU.ActiveCfg = Release|Any CPU
		{11DB8DE1-B4CD-47AD-93EF-4B3A92380EC2}.Release|Any CPU.Build.0 = Release|Any CPU
		{51AAC081-5CA1-43D7-BE2B-55DC2E0AA413}.Debug|Any CPU.ActiveCfg = Debug|Any CPU
		{51AAC081-5CA1-43D7-BE2B-55DC2E0AA413}.Debug|Any CPU.Build.0 = Debug|Any CPU
		{51AAC081-5CA1-43D7-BE2B-55DC2E0AA413}.Release|Any CPU.ActiveCfg = Release|Any CPU
		{51AAC081-5CA1-43D7-BE2B-55DC2E0AA413}.Release|Any CPU.Build.0 = Release|Any CPU
	EndGlobalSection
	GlobalSection(SolutionProperties) = preSolution
		HideSolutionNode = FALSE
	EndGlobalSection
	GlobalSection(ExtensibilityGlobals) = postSolution
		SolutionGuid = {4413282A-C4B1-4A00-923B-CF1292DFE5A3}
	EndGlobalSection
EndGlobal
