
Microsoft Visual Studio Solution File, Format Version 12.00
# Visual Studio 15
VisualStudioVersion = 15.0.28307.168
MinimumVisualStudioVersion = 10.0.40219.1
Project("{FAE04EC0-301F-11D3-BF4B-00C04F79EFBC}") = "Numbers1To202ndSolution", "Numbers1To202ndSolution\Numbers1To202ndSolution.csproj", "{220875DF-468E-4C68-9230-6DCC33F9527E}"
EndProject
Global
	GlobalSection(SolutionConfigurationPlatforms) = preSolution
		Debug|Any CPU = Debug|Any CPU
		Release|Any CPU = Release|Any CPU
	EndGlobalSection
	GlobalSection(ProjectConfigurationPlatforms) = postSolution
		{220875DF-468E-4C68-9230-6DCC33F9527E}.Debug|Any CPU.ActiveCfg = Debug|Any CPU
		{220875DF-468E-4C68-9230-6DCC33F9527E}.Debug|Any CPU.Build.0 = Debug|Any CPU
		{220875DF-468E-4C68-9230-6DCC33F9527E}.Release|Any CPU.ActiveCfg = Release|Any CPU
		{220875DF-468E-4C68-9230-6DCC33F9527E}.Release|Any CPU.Build.0 = Release|Any CPU
	EndGlobalSection
	GlobalSection(SolutionProperties) = preSolution
		HideSolutionNode = FALSE
	EndGlobalSection
	GlobalSection(ExtensibilityGlobals) = postSolution
		SolutionGuid = {AD1E9934-F5D8-4282-A99F-7179E9B3A722}
	EndGlobalSection
EndGlobal
