
Microsoft Visual Studio Solution File, Format Version 12.00
# Visual Studio 15
VisualStudioVersion = 15.0.28307.168
MinimumVisualStudioVersion = 10.0.40219.1
Project("{FAE04EC0-301F-11D3-BF4B-00C04F79EFBC}") = "TestCase", "TestCase\TestCase.csproj", "{95CD6B4C-E423-4F40-A77E-9D6C69375714}"
EndProject
Global
	GlobalSection(SolutionConfigurationPlatforms) = preSolution
		Debug|Any CPU = Debug|Any CPU
		Release|Any CPU = Release|Any CPU
	EndGlobalSection
	GlobalSection(ProjectConfigurationPlatforms) = postSolution
		{95CD6B4C-E423-4F40-A77E-9D6C69375714}.Debug|Any CPU.ActiveCfg = Debug|Any CPU
		{95CD6B4C-E423-4F40-A77E-9D6C69375714}.Debug|Any CPU.Build.0 = Debug|Any CPU
		{95CD6B4C-E423-4F40-A77E-9D6C69375714}.Release|Any CPU.ActiveCfg = Release|Any CPU
		{95CD6B4C-E423-4F40-A77E-9D6C69375714}.Release|Any CPU.Build.0 = Release|Any CPU
	EndGlobalSection
	GlobalSection(SolutionProperties) = preSolution
		HideSolutionNode = FALSE
	EndGlobalSection
	GlobalSection(ExtensibilityGlobals) = postSolution
		SolutionGuid = {319D1770-4010-4E3B-BC5C-CE479C597B9B}
	EndGlobalSection
EndGlobal
