
Microsoft Visual Studio Solution File, Format Version 12.00
# Visual Studio 15
VisualStudioVersion = 15.0.28307.168
MinimumVisualStudioVersion = 10.0.40219.1
Project("{FAE04EC0-301F-11D3-BF4B-00C04F79EFBC}") = "test", "test\test.csproj", "{D463464A-0808-4E16-9FCB-6CDFC28A953C}"
EndProject
Global
	GlobalSection(SolutionConfigurationPlatforms) = preSolution
		Debug|Any CPU = Debug|Any CPU
		Release|Any CPU = Release|Any CPU
	EndGlobalSection
	GlobalSection(ProjectConfigurationPlatforms) = postSolution
		{D463464A-0808-4E16-9FCB-6CDFC28A953C}.Debug|Any CPU.ActiveCfg = Debug|Any CPU
		{D463464A-0808-4E16-9FCB-6CDFC28A953C}.Debug|Any CPU.Build.0 = Debug|Any CPU
		{D463464A-0808-4E16-9FCB-6CDFC28A953C}.Release|Any CPU.ActiveCfg = Release|Any CPU
		{D463464A-0808-4E16-9FCB-6CDFC28A953C}.Release|Any CPU.Build.0 = Release|Any CPU
	EndGlobalSection
	GlobalSection(SolutionProperties) = preSolution
		HideSolutionNode = FALSE
	EndGlobalSection
	GlobalSection(ExtensibilityGlobals) = postSolution
		SolutionGuid = {11933323-E363-4D4A-A282-C488158A8B2D}
	EndGlobalSection
EndGlobal
