
Microsoft Visual Studio Solution File, Format Version 12.00
# Visual Studio 15
VisualStudioVersion = 15.0.28307.168
MinimumVisualStudioVersion = 10.0.40219.1
Project("{FAE04EC0-301F-11D3-BF4B-00C04F79EFBC}") = "CircleCalculations", "CircleCalculations\CircleCalculations.csproj", "{CAF7D229-708E-4749-BFB8-5A05872E6F8E}"
EndProject
Project("{FAE04EC0-301F-11D3-BF4B-00C04F79EFBC}") = "TriangleArea", "TriangleArea\TriangleArea.csproj", "{1294401C-B6A9-4943-A5EC-B4753A61EAA7}"
EndProject
Global
	GlobalSection(SolutionConfigurationPlatforms) = preSolution
		Debug|Any CPU = Debug|Any CPU
		Release|Any CPU = Release|Any CPU
	EndGlobalSection
	GlobalSection(ProjectConfigurationPlatforms) = postSolution
		{CAF7D229-708E-4749-BFB8-5A05872E6F8E}.Debug|Any CPU.ActiveCfg = Debug|Any CPU
		{CAF7D229-708E-4749-BFB8-5A05872E6F8E}.Debug|Any CPU.Build.0 = Debug|Any CPU
		{CAF7D229-708E-4749-BFB8-5A05872E6F8E}.Release|Any CPU.ActiveCfg = Release|Any CPU
		{CAF7D229-708E-4749-BFB8-5A05872E6F8E}.Release|Any CPU.Build.0 = Release|Any CPU
		{1294401C-B6A9-4943-A5EC-B4753A61EAA7}.Debug|Any CPU.ActiveCfg = Debug|Any CPU
		{1294401C-B6A9-4943-A5EC-B4753A61EAA7}.Debug|Any CPU.Build.0 = Debug|Any CPU
		{1294401C-B6A9-4943-A5EC-B4753A61EAA7}.Release|Any CPU.ActiveCfg = Release|Any CPU
		{1294401C-B6A9-4943-A5EC-B4753A61EAA7}.Release|Any CPU.Build.0 = Release|Any CPU
	EndGlobalSection
	GlobalSection(SolutionProperties) = preSolution
		HideSolutionNode = FALSE
	EndGlobalSection
	GlobalSection(ExtensibilityGlobals) = postSolution
		SolutionGuid = {AABE5B32-31BD-4305-81F1-8744C7EBDFA1}
	EndGlobalSection
EndGlobal
