
Microsoft Visual Studio Solution File, Format Version 12.00
# Visual Studio 15
VisualStudioVersion = 15.0.28307.168
MinimumVisualStudioVersion = 10.0.40219.1
Project("{9A19103F-16F7-4668-BE54-9A1E7A4F7556}") = "Library", "Library\Library.csproj", "{A06921FD-8C15-4B88-9318-34288ED18AF7}"
EndProject
Project("{FAE04EC0-301F-11D3-BF4B-00C04F79EFBC}") = "ExamPreparation", "ExamPreparation\ExamPreparation.csproj", "{8F9092C3-1D53-4517-BEDA-ADB31889FBE1}"
EndProject
Project("{FAE04EC0-301F-11D3-BF4B-00C04F79EFBC}") = "Vacation", "Vacation\Vacation.csproj", "{3E405924-77AD-46C5-A6B9-23306EF47744}"
EndProject
Project("{FAE04EC0-301F-11D3-BF4B-00C04F79EFBC}") = "Coins", "Coins\Coins.csproj", "{CBC52EB0-26F2-4531-86DE-AF337E1C73C8}"
EndProject
Project("{FAE04EC0-301F-11D3-BF4B-00C04F79EFBC}") = "Cake", "Cake\Cake.csproj", "{C872B9A3-4FAF-45E5-8E31-C330A1DC19F3}"
EndProject
Global
	GlobalSection(SolutionConfigurationPlatforms) = preSolution
		Debug|Any CPU = Debug|Any CPU
		Release|Any CPU = Release|Any CPU
	EndGlobalSection
	GlobalSection(ProjectConfigurationPlatforms) = postSolution
		{A06921FD-8C15-4B88-9318-34288ED18AF7}.Debug|Any CPU.ActiveCfg = Debug|Any CPU
		{A06921FD-8C15-4B88-9318-34288ED18AF7}.Debug|Any CPU.Build.0 = Debug|Any CPU
		{A06921FD-8C15-4B88-9318-34288ED18AF7}.Release|Any CPU.ActiveCfg = Release|Any CPU
		{A06921FD-8C15-4B88-9318-34288ED18AF7}.Release|Any CPU.Build.0 = Release|Any CPU
		{8F9092C3-1D53-4517-BEDA-ADB31889FBE1}.Debug|Any CPU.ActiveCfg = Debug|Any CPU
		{8F9092C3-1D53-4517-BEDA-ADB31889FBE1}.Debug|Any CPU.Build.0 = Debug|Any CPU
		{8F9092C3-1D53-4517-BEDA-ADB31889FBE1}.Release|Any CPU.ActiveCfg = Release|Any CPU
		{8F9092C3-1D53-4517-BEDA-ADB31889FBE1}.Release|Any CPU.Build.0 = Release|Any CPU
		{3E405924-77AD-46C5-A6B9-23306EF47744}.Debug|Any CPU.ActiveCfg = Debug|Any CPU
		{3E405924-77AD-46C5-A6B9-23306EF47744}.Debug|Any CPU.Build.0 = Debug|Any CPU
		{3E405924-77AD-46C5-A6B9-23306EF47744}.Release|Any CPU.ActiveCfg = Release|Any CPU
		{3E405924-77AD-46C5-A6B9-23306EF47744}.Release|Any CPU.Build.0 = Release|Any CPU
		{CBC52EB0-26F2-4531-86DE-AF337E1C73C8}.Debug|Any CPU.ActiveCfg = Debug|Any CPU
		{CBC52EB0-26F2-4531-86DE-AF337E1C73C8}.Debug|Any CPU.Build.0 = Debug|Any CPU
		{CBC52EB0-26F2-4531-86DE-AF337E1C73C8}.Release|Any CPU.ActiveCfg = Release|Any CPU
		{CBC52EB0-26F2-4531-86DE-AF337E1C73C8}.Release|Any CPU.Build.0 = Release|Any CPU
		{C872B9A3-4FAF-45E5-8E31-C330A1DC19F3}.Debug|Any CPU.ActiveCfg = Debug|Any CPU
		{C872B9A3-4FAF-45E5-8E31-C330A1DC19F3}.Debug|Any CPU.Build.0 = Debug|Any CPU
		{C872B9A3-4FAF-45E5-8E31-C330A1DC19F3}.Release|Any CPU.ActiveCfg = Release|Any CPU
		{C872B9A3-4FAF-45E5-8E31-C330A1DC19F3}.Release|Any CPU.Build.0 = Release|Any CPU
	EndGlobalSection
	GlobalSection(SolutionProperties) = preSolution
		HideSolutionNode = FALSE
	EndGlobalSection
	GlobalSection(ExtensibilityGlobals) = postSolution
		SolutionGuid = {BC04B7B8-BA8F-4D08-967E-929A1AA92A8F}
	EndGlobalSection
EndGlobal
