
Microsoft Visual Studio Solution File, Format Version 12.00
# Visual Studio 15
VisualStudioVersion = 15.0.28307.168
MinimumVisualStudioVersion = 10.0.40219.1
Project("{FAE04EC0-301F-11D3-BF4B-00C04F79EFBC}") = "SchoolSupplies", "ConsoleApp1\SchoolSupplies.csproj", "{3F1D7FB9-E800-4588-BA78-64CC8C779862}"
EndProject
Project("{FAE04EC0-301F-11D3-BF4B-00C04F79EFBC}") = "TrekkingEquipment", "TrekkingEquipment\TrekkingEquipment.csproj", "{52C65CE1-1B3B-4ADA-B7B9-AF5DD14FAD4B}"
EndProject
Project("{FAE04EC0-301F-11D3-BF4B-00C04F79EFBC}") = "MountainRun", "MountainRun\MountainRun.csproj", "{140A244A-331A-49E5-9A7C-7D7DB7F65332}"
EndProject
Global
	GlobalSection(SolutionConfigurationPlatforms) = preSolution
		Debug|Any CPU = Debug|Any CPU
		Release|Any CPU = Release|Any CPU
	EndGlobalSection
	GlobalSection(ProjectConfigurationPlatforms) = postSolution
		{3F1D7FB9-E800-4588-BA78-64CC8C779862}.Debug|Any CPU.ActiveCfg = Debug|Any CPU
		{3F1D7FB9-E800-4588-BA78-64CC8C779862}.Debug|Any CPU.Build.0 = Debug|Any CPU
		{3F1D7FB9-E800-4588-BA78-64CC8C779862}.Release|Any CPU.ActiveCfg = Release|Any CPU
		{3F1D7FB9-E800-4588-BA78-64CC8C779862}.Release|Any CPU.Build.0 = Release|Any CPU
		{52C65CE1-1B3B-4ADA-B7B9-AF5DD14FAD4B}.Debug|Any CPU.ActiveCfg = Debug|Any CPU
		{52C65CE1-1B3B-4ADA-B7B9-AF5DD14FAD4B}.Debug|Any CPU.Build.0 = Debug|Any CPU
		{52C65CE1-1B3B-4ADA-B7B9-AF5DD14FAD4B}.Release|Any CPU.ActiveCfg = Release|Any CPU
		{52C65CE1-1B3B-4ADA-B7B9-AF5DD14FAD4B}.Release|Any CPU.Build.0 = Release|Any CPU
		{140A244A-331A-49E5-9A7C-7D7DB7F65332}.Debug|Any CPU.ActiveCfg = Debug|Any CPU
		{140A244A-331A-49E5-9A7C-7D7DB7F65332}.Debug|Any CPU.Build.0 = Debug|Any CPU
		{140A244A-331A-49E5-9A7C-7D7DB7F65332}.Release|Any CPU.ActiveCfg = Release|Any CPU
		{140A244A-331A-49E5-9A7C-7D7DB7F65332}.Release|Any CPU.Build.0 = Release|Any CPU
	EndGlobalSection
	GlobalSection(SolutionProperties) = preSolution
		HideSolutionNode = FALSE
	EndGlobalSection
	GlobalSection(ExtensibilityGlobals) = postSolution
		SolutionGuid = {EDEE1474-AF08-4C7F-BEE4-0CEAA6A9FFB2}
	EndGlobalSection
EndGlobal
