
Microsoft Visual Studio Solution File, Format Version 12.00
# Visual Studio 15
VisualStudioVersion = 15.0.28307.168
MinimumVisualStudioVersion = 10.0.40219.1
Project("{FAE04EC0-301F-11D3-BF4B-00C04F79EFBC}") = "numbersOnetoOneHundred", "numbersOnetoOneHundred\numbersOnetoOneHundred.csproj", "{DB028146-83D7-4013-B7E6-1160FCF4287D}"
EndProject
Project("{FAE04EC0-301F-11D3-BF4B-00C04F79EFBC}") = "LatinAlphabet", "LatinAlphabet\LatinAlphabet.csproj", "{5DC92CBB-84B6-47A4-BC7B-E205C7EAD53A}"
EndProject
Project("{FAE04EC0-301F-11D3-BF4B-00C04F79EFBC}") = "SumNumbers", "SumNumbers\SumNumbers.csproj", "{8CB098A4-C911-44F3-A597-4E7124345779}"
EndProject
Project("{FAE04EC0-301F-11D3-BF4B-00C04F79EFBC}") = "GreatestNumber", "GreatestNumber\GreatestNumber.csproj", "{B47B6C14-4121-4930-9344-1B29B815455F}"
EndProject
Project("{FAE04EC0-301F-11D3-BF4B-00C04F79EFBC}") = "LowestNumber", "LowestNumber\LowestNumber.csproj", "{0213AB2C-5AB0-43B3-A8EA-17F843E4EFCB}"
EndProject
Project("{FAE04EC0-301F-11D3-BF4B-00C04F79EFBC}") = "LeftSumRightSum", "LeftSumRightSum\LeftSumRightSum.csproj", "{8CFC2830-5EF1-44D1-8F0A-76C0F40403A1}"
EndProject
Project("{FAE04EC0-301F-11D3-BF4B-00C04F79EFBC}") = "EvenOddSum", "EvenOddSum\EvenOddSum.csproj", "{550D2E6C-D7D9-4905-AA79-91C710614BCF}"
EndProject
Project("{FAE04EC0-301F-11D3-BF4B-00C04F79EFBC}") = "SmartLilly", "SmartLilly\SmartLilly.csproj", "{E895DE3D-FDCD-4C9A-8494-2808C0DE7D92}"
EndProject
Project("{FAE04EC0-301F-11D3-BF4B-00C04F79EFBC}") = "VowelsSum", "VowelsSum\VowelsSum.csproj", "{3219D8FA-D1FC-4E40-85C2-38A2719F9E94}"
EndProject
Global
	GlobalSection(SolutionConfigurationPlatforms) = preSolution
		Debug|Any CPU = Debug|Any CPU
		Release|Any CPU = Release|Any CPU
	EndGlobalSection
	GlobalSection(ProjectConfigurationPlatforms) = postSolution
		{DB028146-83D7-4013-B7E6-1160FCF4287D}.Debug|Any CPU.ActiveCfg = Debug|Any CPU
		{DB028146-83D7-4013-B7E6-1160FCF4287D}.Debug|Any CPU.Build.0 = Debug|Any CPU
		{DB028146-83D7-4013-B7E6-1160FCF4287D}.Release|Any CPU.ActiveCfg = Release|Any CPU
		{DB028146-83D7-4013-B7E6-1160FCF4287D}.Release|Any CPU.Build.0 = Release|Any CPU
		{5DC92CBB-84B6-47A4-BC7B-E205C7EAD53A}.Debug|Any CPU.ActiveCfg = Debug|Any CPU
		{5DC92CBB-84B6-47A4-BC7B-E205C7EAD53A}.Debug|Any CPU.Build.0 = Debug|Any CPU
		{5DC92CBB-84B6-47A4-BC7B-E205C7EAD53A}.Release|Any CPU.ActiveCfg = Release|Any CPU
		{5DC92CBB-84B6-47A4-BC7B-E205C7EAD53A}.Release|Any CPU.Build.0 = Release|Any CPU
		{8CB098A4-C911-44F3-A597-4E7124345779}.Debug|Any CPU.ActiveCfg = Debug|Any CPU
		{8CB098A4-C911-44F3-A597-4E7124345779}.Debug|Any CPU.Build.0 = Debug|Any CPU
		{8CB098A4-C911-44F3-A597-4E7124345779}.Release|Any CPU.ActiveCfg = Release|Any CPU
		{8CB098A4-C911-44F3-A597-4E7124345779}.Release|Any CPU.Build.0 = Release|Any CPU
		{B47B6C14-4121-4930-9344-1B29B815455F}.Debug|Any CPU.ActiveCfg = Debug|Any CPU
		{B47B6C14-4121-4930-9344-1B29B815455F}.Debug|Any CPU.Build.0 = Debug|Any CPU
		{B47B6C14-4121-4930-9344-1B29B815455F}.Release|Any CPU.ActiveCfg = Release|Any CPU
		{B47B6C14-4121-4930-9344-1B29B815455F}.Release|Any CPU.Build.0 = Release|Any CPU
		{0213AB2C-5AB0-43B3-A8EA-17F843E4EFCB}.Debug|Any CPU.ActiveCfg = Debug|Any CPU
		{0213AB2C-5AB0-43B3-A8EA-17F843E4EFCB}.Debug|Any CPU.Build.0 = Debug|Any CPU
		{0213AB2C-5AB0-43B3-A8EA-17F843E4EFCB}.Release|Any CPU.ActiveCfg = Release|Any CPU
		{0213AB2C-5AB0-43B3-A8EA-17F843E4EFCB}.Release|Any CPU.Build.0 = Release|Any CPU
		{8CFC2830-5EF1-44D1-8F0A-76C0F40403A1}.Debug|Any CPU.ActiveCfg = Debug|Any CPU
		{8CFC2830-5EF1-44D1-8F0A-76C0F40403A1}.Debug|Any CPU.Build.0 = Debug|Any CPU
		{8CFC2830-5EF1-44D1-8F0A-76C0F40403A1}.Release|Any CPU.ActiveCfg = Release|Any CPU
		{8CFC2830-5EF1-44D1-8F0A-76C0F40403A1}.Release|Any CPU.Build.0 = Release|Any CPU
		{550D2E6C-D7D9-4905-AA79-91C710614BCF}.Debug|Any CPU.ActiveCfg = Debug|Any CPU
		{550D2E6C-D7D9-4905-AA79-91C710614BCF}.Debug|Any CPU.Build.0 = Debug|Any CPU
		{550D2E6C-D7D9-4905-AA79-91C710614BCF}.Release|Any CPU.ActiveCfg = Release|Any CPU
		{550D2E6C-D7D9-4905-AA79-91C710614BCF}.Release|Any CPU.Build.0 = Release|Any CPU
		{E895DE3D-FDCD-4C9A-8494-2808C0DE7D92}.Debug|Any CPU.ActiveCfg = Debug|Any CPU
		{E895DE3D-FDCD-4C9A-8494-2808C0DE7D92}.Debug|Any CPU.Build.0 = Debug|Any CPU
		{E895DE3D-FDCD-4C9A-8494-2808C0DE7D92}.Release|Any CPU.ActiveCfg = Release|Any CPU
		{E895DE3D-FDCD-4C9A-8494-2808C0DE7D92}.Release|Any CPU.Build.0 = Release|Any CPU
		{3219D8FA-D1FC-4E40-85C2-38A2719F9E94}.Debug|Any CPU.ActiveCfg = Debug|Any CPU
		{3219D8FA-D1FC-4E40-85C2-38A2719F9E94}.Debug|Any CPU.Build.0 = Debug|Any CPU
		{3219D8FA-D1FC-4E40-85C2-38A2719F9E94}.Release|Any CPU.ActiveCfg = Release|Any CPU
		{3219D8FA-D1FC-4E40-85C2-38A2719F9E94}.Release|Any CPU.Build.0 = Release|Any CPU
	EndGlobalSection
	GlobalSection(SolutionProperties) = preSolution
		HideSolutionNode = FALSE
	EndGlobalSection
	GlobalSection(ExtensibilityGlobals) = postSolution
		SolutionGuid = {0FCC3B82-3281-4AD9-A6A2-B0F0B3D510D8}
	EndGlobalSection
EndGlobal
