
Microsoft Visual Studio Solution File, Format Version 12.00
# Visual Studio 15
VisualStudioVersion = 15.0.28307.168
MinimumVisualStudioVersion = 10.0.40219.1
Project("{FAE04EC0-301F-11D3-BF4B-00C04F79EFBC}") = "FiguresPerimeter", "FiguresPerimeter\FiguresPerimeter.csproj", "{EA1B6625-600B-46D0-A038-924823D6DD12}"
EndProject
Global
	GlobalSection(SolutionConfigurationPlatforms) = preSolution
		Debug|Any CPU = Debug|Any CPU
		Release|Any CPU = Release|Any CPU
	EndGlobalSection
	GlobalSection(ProjectConfigurationPlatforms) = postSolution
		{EA1B6625-600B-46D0-A038-924823D6DD12}.Debug|Any CPU.ActiveCfg = Debug|Any CPU
		{EA1B6625-600B-46D0-A038-924823D6DD12}.Debug|Any CPU.Build.0 = Debug|Any CPU
		{EA1B6625-600B-46D0-A038-924823D6DD12}.Release|Any CPU.ActiveCfg = Release|Any CPU
		{EA1B6625-600B-46D0-A038-924823D6DD12}.Release|Any CPU.Build.0 = Release|Any CPU
	EndGlobalSection
	GlobalSection(SolutionProperties) = preSolution
		HideSolutionNode = FALSE
	EndGlobalSection
	GlobalSection(ExtensibilityGlobals) = postSolution
		SolutionGuid = {CFE7C767-8DDF-4ECE-95A0-849E62645E6F}
	EndGlobalSection
EndGlobal
