
Microsoft Visual Studio Solution File, Format Version 12.00
# Visual Studio 15
VisualStudioVersion = 15.0.28307.168
MinimumVisualStudioVersion = 10.0.40219.1
Project("{FAE04EC0-301F-11D3-BF4B-00C04F79EFBC}") = "SquareAreaDouble", "SquareAreaDouble\SquareAreaDouble.csproj", "{8CE690B6-5FD6-440C-B0FA-7089FC66D130}"
EndProject
Global
	GlobalSection(SolutionConfigurationPlatforms) = preSolution
		Debug|Any CPU = Debug|Any CPU
		Release|Any CPU = Release|Any CPU
	EndGlobalSection
	GlobalSection(ProjectConfigurationPlatforms) = postSolution
		{8CE690B6-5FD6-440C-B0FA-7089FC66D130}.Debug|Any CPU.ActiveCfg = Debug|Any CPU
		{8CE690B6-5FD6-440C-B0FA-7089FC66D130}.Debug|Any CPU.Build.0 = Debug|Any CPU
		{8CE690B6-5FD6-440C-B0FA-7089FC66D130}.Release|Any CPU.ActiveCfg = Release|Any CPU
		{8CE690B6-5FD6-440C-B0FA-7089FC66D130}.Release|Any CPU.Build.0 = Release|Any CPU
	EndGlobalSection
	GlobalSection(SolutionProperties) = preSolution
		HideSolutionNode = FALSE
	EndGlobalSection
	GlobalSection(ExtensibilityGlobals) = postSolution
		SolutionGuid = {91FC6274-D904-4D2D-8CF7-586229AFD378}
	EndGlobalSection
EndGlobal
