
Microsoft Visual Studio Solution File, Format Version 12.00
# Visual Studio 15
VisualStudioVersion = 15.0.28307.168
MinimumVisualStudioVersion = 10.0.40219.1
Project("{9A19103F-16F7-4668-BE54-9A1E7A4F7556}") = "ThreeBrothers", "ThreeBrothers.csproj", "{CEE24B60-4BB3-4AE0-8F47-41B3D7CBB839}"
EndProject
Global
	GlobalSection(SolutionConfigurationPlatforms) = preSolution
		Debug|Any CPU = Debug|Any CPU
		Release|Any CPU = Release|Any CPU
	EndGlobalSection
	GlobalSection(ProjectConfigurationPlatforms) = postSolution
		{CEE24B60-4BB3-4AE0-8F47-41B3D7CBB839}.Debug|Any CPU.ActiveCfg = Debug|Any CPU
		{CEE24B60-4BB3-4AE0-8F47-41B3D7CBB839}.Debug|Any CPU.Build.0 = Debug|Any CPU
		{CEE24B60-4BB3-4AE0-8F47-41B3D7CBB839}.Release|Any CPU.ActiveCfg = Release|Any CPU
		{CEE24B60-4BB3-4AE0-8F47-41B3D7CBB839}.Release|Any CPU.Build.0 = Release|Any CPU
	EndGlobalSection
	GlobalSection(SolutionProperties) = preSolution
		HideSolutionNode = FALSE
	EndGlobalSection
	GlobalSection(ExtensibilityGlobals) = postSolution
		SolutionGuid = {C02364A5-806C-4034-B2E0-5B6E1C8C568F}
	EndGlobalSection
EndGlobal
